
Microsoft Visual Studio Solution File, Format Version 12.00
# Visual Studio Version 16
VisualStudioVersion = 25.0.1706.5
MinimumVisualStudioVersion = 10.0.40219.1
Project("{FAE04EC0-301F-11D3-BF4B-00C04F79EFBC}") = "core", "core\core.csproj", "{219DC71A-0FCF-40BF-8060-4474A937809B}"
EndProject
Global
	GlobalSection(SolutionConfigurationPlatforms) = preSolution
		Debug|Any CPU = Debug|Any CPU
		Release|Any CPU = Release|Any CPU
	EndGlobalSection
	GlobalSection(ProjectConfigurationPlatforms) = postSolution
		{219DC71A-0FCF-40BF-8060-4474A937809B}.Debug|Any CPU.ActiveCfg = Debug|Any CPU
		{219DC71A-0FCF-40BF-8060-4474A937809B}.Debug|Any CPU.Build.0 = Debug|Any CPU
		{219DC71A-0FCF-40BF-8060-4474A937809B}.Release|Any CPU.ActiveCfg = Release|Any CPU
		{219DC71A-0FCF-40BF-8060-4474A937809B}.Release|Any CPU.Build.0 = Release|Any CPU
	EndGlobalSection
	GlobalSection(SolutionProperties) = preSolution
		HideSolutionNode = FALSE
	EndGlobalSection
	GlobalSection(ExtensibilityGlobals) = postSolution
		SolutionGuid = {B37EAA24-EB14-4E1E-A272-A5FE98E1D065}
	EndGlobalSection
EndGlobal
